// !$*UTF8*$!
{
	archiveVersion = 1;
	classes = {
	};
	objectVersion = 48;
	objects = {

/* Begin PBXBuildFile section */
		3356E29E79C1B41716AE33AA /* Pods_parseChat.framework in Frameworks */ = {isa = PBXBuildFile; fileRef = 38BDAC15E22808927327E406 /* Pods_parseChat.framework */; };
		EF070FEF1FD344210010D188 /* ChatViewController.swift in Sources */ = {isa = PBXBuildFile; fileRef = EF070FEE1FD344210010D188 /* ChatViewController.swift */; };
		EF5255A81FD2AF500048784C /* AppDelegate.swift in Sources */ = {isa = PBXBuildFile; fileRef = EF5255A71FD2AF500048784C /* AppDelegate.swift */; };
		EF5255AA1FD2AF500048784C /* LoginViewController.swift in Sources */ = {isa = PBXBuildFile; fileRef = EF5255A91FD2AF500048784C /* LoginViewController.swift */; };
		EF5255AD1FD2AF500048784C /* Main.storyboard in Resources */ = {isa = PBXBuildFile; fileRef = EF5255AB1FD2AF500048784C /* Main.storyboard */; };
		EF5255AF1FD2AF500048784C /* Assets.xcassets in Resources */ = {isa = PBXBuildFile; fileRef = EF5255AE1FD2AF500048784C /* Assets.xcassets */; };
		EF5255B21FD2AF500048784C /* LaunchScreen.storyboard in Resources */ = {isa = PBXBuildFile; fileRef = EF5255B01FD2AF500048784C /* LaunchScreen.storyboard */; };
		EF9B45501FDBB56900746093 /* ChatCell.swift in Sources */ = {isa = PBXBuildFile; fileRef = EF9B454F1FDBB56900746093 /* ChatCell.swift */; };
/* End PBXBuildFile section */

/* Begin PBXFileReference section */
		2A53E7B1335CCE98B3E10F4A /* Pods-parseChat.debug.xcconfig */ = {isa = PBXFileReference; includeInIndex = 1; lastKnownFileType = text.xcconfig; name = "Pods-parseChat.debug.xcconfig"; path = "Pods/Target Support Files/Pods-parseChat/Pods-parseChat.debug.xcconfig"; sourceTree = "<group>"; };
		38BDAC15E22808927327E406 /* Pods_parseChat.framework */ = {isa = PBXFileReference; explicitFileType = wrapper.framework; includeInIndex = 0; path = Pods_parseChat.framework; sourceTree = BUILT_PRODUCTS_DIR; };
		AA4DE4F4B1F28F3104128E09 /* Pods-parseChat.release.xcconfig */ = {isa = PBXFileReference; includeInIndex = 1; lastKnownFileType = text.xcconfig; name = "Pods-parseChat.release.xcconfig"; path = "Pods/Target Support Files/Pods-parseChat/Pods-parseChat.release.xcconfig"; sourceTree = "<group>"; };
		EF070FEE1FD344210010D188 /* ChatViewController.swift */ = {isa = PBXFileReference; lastKnownFileType = sourcecode.swift; path = ChatViewController.swift; sourceTree = "<group>"; };
		EF5255A41FD2AF500048784C /* parseChat.app */ = {isa = PBXFileReference; explicitFileType = wrapper.application; includeInIndex = 0; path = parseChat.app; sourceTree = BUILT_PRODUCTS_DIR; };
		EF5255A71FD2AF500048784C /* AppDelegate.swift */ = {isa = PBXFileReference; lastKnownFileType = sourcecode.swift; path = AppDelegate.swift; sourceTree = "<group>"; };
		EF5255A91FD2AF500048784C /* LoginViewController.swift */ = {isa = PBXFileReference; lastKnownFileType = sourcecode.swift; path = LoginViewController.swift; sourceTree = "<group>"; };
		EF5255AC1FD2AF500048784C /* Base */ = {isa = PBXFileReference; lastKnownFileType = file.storyboard; name = Base; path = Base.lproj/Main.storyboard; sourceTree = "<group>"; };
		EF5255AE1FD2AF500048784C /* Assets.xcassets */ = {isa = PBXFileReference; lastKnownFileType = folder.assetcatalog; path = Assets.xcassets; sourceTree = "<group>"; };
		EF5255B11FD2AF500048784C /* Base */ = {isa = PBXFileReference; lastKnownFileType = file.storyboard; name = Base; path = Base.lproj/LaunchScreen.storyboard; sourceTree = "<group>"; };
		EF5255B31FD2AF500048784C /* Info.plist */ = {isa = PBXFileReference; lastKnownFileType = text.plist.xml; path = Info.plist; sourceTree = "<group>"; };
		EF9B454F1FDBB56900746093 /* ChatCell.swift */ = {isa = PBXFileReference; lastKnownFileType = sourcecode.swift; path = ChatCell.swift; sourceTree = "<group>"; };
/* End PBXFileReference section */

/* Begin PBXFrameworksBuildPhase section */
		EF5255A11FD2AF500048784C /* Frameworks */ = {
			isa = PBXFrameworksBuildPhase;
			buildActionMask = 2147483647;
			files = (
				3356E29E79C1B41716AE33AA /* Pods_parseChat.framework in Frameworks */,
			);
			runOnlyForDeploymentPostprocessing = 0;
		};
/* End PBXFrameworksBuildPhase section */

/* Begin PBXGroup section */
		363D59C730E07EE301A2310A /* Pods */ = {
			isa = PBXGroup;
			children = (
				2A53E7B1335CCE98B3E10F4A /* Pods-parseChat.debug.xcconfig */,
				AA4DE4F4B1F28F3104128E09 /* Pods-parseChat.release.xcconfig */,
			);
			name = Pods;
			sourceTree = "<group>";
		};
		BBF9E8AAC1219787D06879A7 /* Frameworks */ = {
			isa = PBXGroup;
			children = (
				38BDAC15E22808927327E406 /* Pods_parseChat.framework */,
			);
			name = Frameworks;
			sourceTree = "<group>";
		};
		EF070FED1FD343FD0010D188 /* View Controllers */ = {
			isa = PBXGroup;
			children = (
				EF5255A91FD2AF500048784C /* LoginViewController.swift */,
				EF070FEE1FD344210010D188 /* ChatViewController.swift */,
			);
			path = "View Controllers";
			sourceTree = "<group>";
		};
		EF52559B1FD2AF500048784C = {
			isa = PBXGroup;
			children = (
				EF9B454E1FDBB54900746093 /* Model */,
				EF070FED1FD343FD0010D188 /* View Controllers */,
				EF5255A61FD2AF500048784C /* parseChat */,
				EF5255A51FD2AF500048784C /* Products */,
				363D59C730E07EE301A2310A /* Pods */,
				BBF9E8AAC1219787D06879A7 /* Frameworks */,
			);
			sourceTree = "<group>";
		};
		EF5255A51FD2AF500048784C /* Products */ = {
			isa = PBXGroup;
			children = (
				EF5255A41FD2AF500048784C /* parseChat.app */,
			);
			name = Products;
			sourceTree = "<group>";
		};
		EF5255A61FD2AF500048784C /* parseChat */ = {
			isa = PBXGroup;
			children = (
				EF5255A71FD2AF500048784C /* AppDelegate.swift */,
				EF5255AB1FD2AF500048784C /* Main.storyboard */,
				EF5255AE1FD2AF500048784C /* Assets.xcassets */,
				EF5255B01FD2AF500048784C /* LaunchScreen.storyboard */,
				EF5255B31FD2AF500048784C /* Info.plist */,
			);
			path = parseChat;
			sourceTree = "<group>";
		};
		EF9B454E1FDBB54900746093 /* Model */ = {
			isa = PBXGroup;
			children = (
				EF9B454F1FDBB56900746093 /* ChatCell.swift */,
			);
			path = Model;
			sourceTree = "<group>";
		};
/* End PBXGroup section */

/* Begin PBXNativeTarget section */
		EF5255A31FD2AF500048784C /* parseChat */ = {
			isa = PBXNativeTarget;
			buildConfigurationList = EF5255B61FD2AF500048784C /* Build configuration list for PBXNativeTarget "parseChat" */;
			buildPhases = (
				3ABAD50B129FC7FA4F13B69B /* [CP] Check Pods Manifest.lock */,
				EF5255A01FD2AF500048784C /* Sources */,
				EF5255A11FD2AF500048784C /* Frameworks */,
				EF5255A21FD2AF500048784C /* Resources */,
				3884CE4063E5C67ABCC09364 /* [CP] Embed Pods Frameworks */,
				81EF4EA8B5080D4B511AB236 /* [CP] Copy Pods Resources */,
			);
			buildRules = (
			);
			dependencies = (
			);
			name = parseChat;
			productName = parseChat;
			productReference = EF5255A41FD2AF500048784C /* parseChat.app */;
			productType = "com.apple.product-type.application";
		};
/* End PBXNativeTarget section */

/* Begin PBXProject section */
		EF52559C1FD2AF500048784C /* Project object */ = {
			isa = PBXProject;
			attributes = {
				LastSwiftUpdateCheck = 0910;
				LastUpgradeCheck = 0910;
				ORGANIZATIONNAME = "Gerard Recinto";
				TargetAttributes = {
					EF5255A31FD2AF500048784C = {
						CreatedOnToolsVersion = 9.1;
						ProvisioningStyle = Automatic;
					};
				};
			};
			buildConfigurationList = EF52559F1FD2AF500048784C /* Build configuration list for PBXProject "parseChat" */;
			compatibilityVersion = "Xcode 8.0";
			developmentRegion = en;
			hasScannedForEncodings = 0;
			knownRegions = (
				en,
				Base,
			);
			mainGroup = EF52559B1FD2AF500048784C;
			productRefGroup = EF5255A51FD2AF500048784C /* Products */;
			projectDirPath = "";
			projectRoot = "";
			targets = (
				EF5255A31FD2AF500048784C /* parseChat */,
			);
		};
/* End PBXProject section */

/* Begin PBXResourcesBuildPhase section */
		EF5255A21FD2AF500048784C /* Resources */ = {
			isa = PBXResourcesBuildPhase;
			buildActionMask = 2147483647;
			files = (
				EF5255B21FD2AF500048784C /* LaunchScreen.storyboard in Resources */,
				EF5255AF1FD2AF500048784C /* Assets.xcassets in Resources */,
				EF5255AD1FD2AF500048784C /* Main.storyboard in Resources */,
			);
			runOnlyForDeploymentPostprocessing = 0;
		};
/* End PBXResourcesBuildPhase section */

/* Begin PBXShellScriptBuildPhase section */
		3884CE4063E5C67ABCC09364 /* [CP] Embed Pods Frameworks */ = {
			isa = PBXShellScriptBuildPhase;
			buildActionMask = 2147483647;
			files = (
			);
			inputPaths = (
			);
			name = "[CP] Embed Pods Frameworks";
			outputPaths = (
			);
			runOnlyForDeploymentPostprocessing = 0;
			shellPath = /bin/sh;
			shellScript = "\"${SRCROOT}/Pods/Target Support Files/Pods-parseChat/Pods-parseChat-frameworks.sh\"\n";
			showEnvVarsInLog = 0;
		};
		3ABAD50B129FC7FA4F13B69B /* [CP] Check Pods Manifest.lock */ = {
			isa = PBXShellScriptBuildPhase;
			buildActionMask = 2147483647;
			files = (
			);
			inputPaths = (
			);
			name = "[CP] Check Pods Manifest.lock";
			outputPaths = (
			);
			runOnlyForDeploymentPostprocessing = 0;
			shellPath = /bin/sh;
			shellScript = "diff \"${PODS_ROOT}/../Podfile.lock\" \"${PODS_ROOT}/Manifest.lock\" > /dev/null\nif [ $? != 0 ] ; then\n    # print error to STDERR\n    echo \"error: The sandbox is not in sync with the Podfile.lock. Run 'pod install' or update your CocoaPods installation.\" >&2\n    exit 1\nfi\n";
			showEnvVarsInLog = 0;
		};
		81EF4EA8B5080D4B511AB236 /* [CP] Copy Pods Resources */ = {
			isa = PBXShellScriptBuildPhase;
			buildActionMask = 2147483647;
			files = (
			);
			inputPaths = (
			);
			name = "[CP] Copy Pods Resources";
			outputPaths = (
			);
			runOnlyForDeploymentPostprocessing = 0;
			shellPath = /bin/sh;
			shellScript = "\"${SRCROOT}/Pods/Target Support Files/Pods-parseChat/Pods-parseChat-resources.sh\"\n";
			showEnvVarsInLog = 0;
		};
/* End PBXShellScriptBuildPhase section */

/* Begin PBXSourcesBuildPhase section */
		EF5255A01FD2AF500048784C /* Sources */ = {
			isa = PBXSourcesBuildPhase;
			buildActionMask = 2147483647;
			files = (
				EF5255AA1FD2AF500048784C /* LoginViewController.swift in Sources */,
				EF9B45501FDBB56900746093 /* ChatCell.swift in Sources */,
				EF070FEF1FD344210010D188 /* ChatViewController.swift in Sources */,
				EF5255A81FD2AF500048784C /* AppDelegate.swift in Sources */,
			);
			runOnlyForDeploymentPostprocessing = 0;
		};
/* End PBXSourcesBuildPhase section */

/* Begin PBXVariantGroup section */
		EF5255AB1FD2AF500048784C /* Main.storyboard */ = {
			isa = PBXVariantGroup;
			children = (
				EF5255AC1FD2AF500048784C /* Base */,
			);
			name = Main.storyboard;
			sourceTree = "<group>";
		};
		EF5255B01FD2AF500048784C /* LaunchScreen.storyboard */ = {
			isa = PBXVariantGroup;
			children = (
				EF5255B11FD2AF500048784C /* Base */,
			);
			name = LaunchScreen.storyboard;
			sourceTree = "<group>";
		};
/* End PBXVariantGroup section */

/* Begin XCBuildConfiguration section */
		EF5255B41FD2AF500048784C /* Debug */ = {
			isa = XCBuildConfiguration;
			buildSettings = {
				ALWAYS_SEARCH_USER_PATHS = NO;
				CLANG_ANALYZER_NONNULL = YES;
				CLANG_ANALYZER_NUMBER_OBJECT_CONVERSION = YES_AGGRESSIVE;
				CLANG_CXX_LANGUAGE_STANDARD = "gnu++14";
				CLANG_CXX_LIBRARY = "libc++";
				CLANG_ENABLE_MODULES = YES;
				CLANG_ENABLE_OBJC_ARC = YES;
				CLANG_WARN_BLOCK_CAPTURE_AUTORELEASING = YES;
				CLANG_WARN_BOOL_CONVERSION = YES;
				CLANG_WARN_COMMA = YES;
				CLANG_WARN_CONSTANT_CONVERSION = YES;
				CLANG_WARN_DIRECT_OBJC_ISA_USAGE = YES_ERROR;
				CLANG_WARN_DOCUMENTATION_COMMENTS = YES;
				CLANG_WARN_EMPTY_BODY = YES;
				CLANG_WARN_ENUM_CONVERSION = YES;
				CLANG_WARN_INFINITE_RECURSION = YES;
				CLANG_WARN_INT_CONVERSION = YES;
				CLANG_WARN_NON_LITERAL_NULL_CONVERSION = YES;
				CLANG_WARN_OBJC_LITERAL_CONVERSION = YES;
				CLANG_WARN_OBJC_ROOT_CLASS = YES_ERROR;
				CLANG_WARN_RANGE_LOOP_ANALYSIS = YES;
				CLANG_WARN_STRICT_PROTOTYPES = YES;
				CLANG_WARN_SUSPICIOUS_MOVE = YES;
				CLANG_WARN_UNGUARDED_AVAILABILITY = YES_AGGRESSIVE;
				CLANG_WARN_UNREACHABLE_CODE = YES;
				CLANG_WARN__DUPLICATE_METHOD_MATCH = YES;
				CODE_SIGN_IDENTITY = "iPhone Developer";
				COPY_PHASE_STRIP = NO;
				DEBUG_INFORMATION_FORMAT = dwarf;
				ENABLE_STRICT_OBJC_MSGSEND = YES;
				ENABLE_TESTABILITY = YES;
				GCC_C_LANGUAGE_STANDARD = gnu11;
				GCC_DYNAMIC_NO_PIC = NO;
				GCC_NO_COMMON_BLOCKS = YES;
				GCC_OPTIMIZATION_LEVEL = 0;
				GCC_PREPROCESSOR_DEFINITIONS = (
					"DEBUG=1",
					"$(inherited)",
				);
				GCC_WARN_64_TO_32_BIT_CONVERSION = YES;
				GCC_WARN_ABOUT_RETURN_TYPE = YES_ERROR;
				GCC_WARN_UNDECLARED_SELECTOR = YES;
				GCC_WARN_UNINITIALIZED_AUTOS = YES_AGGRESSIVE;
				GCC_WARN_UNUSED_FUNCTION = YES;
				GCC_WARN_UNUSED_VARIABLE = YES;
				IPHONEOS_DEPLOYMENT_TARGET = 11.1;
				MTL_ENABLE_DEBUG_INFO = YES;
				ONLY_ACTIVE_ARCH = YES;
				SDKROOT = iphoneos;
				SWIFT_ACTIVE_COMPILATION_CONDITIONS = DEBUG;
				SWIFT_OPTIMIZATION_LEVEL = "-Onone";
			};
			name = Debug;
		};
		EF5255B51FD2AF500048784C /* Release */ = {
			isa = XCBuildConfiguration;
			buildSettings = {
				ALWAYS_SEARCH_USER_PATHS = NO;
				CLANG_ANALYZER_NONNULL = YES;
				CLANG_ANALYZER_NUMBER_OBJECT_CONVERSION = YES_AGGRESSIVE;
				CLANG_CXX_LANGUAGE_STANDARD = "gnu++14";
				CLANG_CXX_LIBRARY = "libc++";
				CLANG_ENABLE_MODULES = YES;
				CLANG_ENABLE_OBJC_ARC = YES;
				CLANG_WARN_BLOCK_CAPTURE_AUTORELEASING = YES;
				CLANG_WARN_BOOL_CONVERSION = YES;
				CLANG_WARN_COMMA = YES;
				CLANG_WARN_CONSTANT_CONVERSION = YES;
				CLANG_WARN_DIRECT_OBJC_ISA_USAGE = YES_ERROR;
				CLANG_WARN_DOCUMENTATION_COMMENTS = YES;
				CLANG_WARN_EMPTY_BODY = YES;
				CLANG_WARN_ENUM_CONVERSION = YES;
				CLANG_WARN_INFINITE_RECURSION = YES;
				CLANG_WARN_INT_CONVERSION = YES;
				CLANG_WARN_NON_LITERAL_NULL_CONVERSION = YES;
				CLANG_WARN_OBJC_LITERAL_CONVERSION = YES;
				CLANG_WARN_OBJC_ROOT_CLASS = YES_ERROR;
				CLANG_WARN_RANGE_LOOP_ANALYSIS = YES;
				CLANG_WARN_STRICT_PROTOTYPES = YES;
				CLANG_WARN_SUSPICIOUS_MOVE = YES;
				CLANG_WARN_UNGUARDED_AVAILABILITY = YES_AGGRESSIVE;
				CLANG_WARN_UNREACHABLE_CODE = YES;
				CLANG_WARN__DUPLICATE_METHOD_MATCH = YES;
				CODE_SIGN_IDENTITY = "iPhone Developer";
				COPY_PHASE_STRIP = NO;
				DEBUG_INFORMATION_FORMAT = "dwarf-with-dsym";
				ENABLE_NS_ASSERTIONS = NO;
				ENABLE_STRICT_OBJC_MSGSEND = YES;
				GCC_C_LANGUAGE_STANDARD = gnu11;
				GCC_NO_COMMON_BLOCKS = YES;
				GCC_WARN_64_TO_32_BIT_CONVERSION = YES;
				GCC_WARN_ABOUT_RETURN_TYPE = YES_ERROR;
				GCC_WARN_UNDECLARED_SELECTOR = YES;
				GCC_WARN_UNINITIALIZED_AUTOS = YES_AGGRESSIVE;
				GCC_WARN_UNUSED_FUNCTION = YES;
				GCC_WARN_UNUSED_VARIABLE = YES;
				IPHONEOS_DEPLOYMENT_TARGET = 11.1;
				MTL_ENABLE_DEBUG_INFO = NO;
				SDKROOT = iphoneos;
				SWIFT_OPTIMIZATION_LEVEL = "-Owholemodule";
				VALIDATE_PRODUCT = YES;
			};
			name = Release;
		};
		EF5255B71FD2AF500048784C /* Debug */ = {
			isa = XCBuildConfiguration;
			baseConfigurationReference = 2A53E7B1335CCE98B3E10F4A /* Pods-parseChat.debug.xcconfig */;
			buildSettings = {
				ASSETCATALOG_COMPILER_APPICON_NAME = AppIcon;
				CODE_SIGN_STYLE = Automatic;
				INFOPLIST_FILE = parseChat/Info.plist;
				LD_RUNPATH_SEARCH_PATHS = "$(inherited) @executable_path/Frameworks";
				PRODUCT_BUNDLE_IDENTIFIER = com.codepath.parseChat;
				PRODUCT_NAME = "$(TARGET_NAME)";
				SWIFT_VERSION = 4.0;
				TARGETED_DEVICE_FAMILY = "1,2";
			};
			name = Debug;
		};
		EF5255B81FD2AF500048784C /* Release */ = {
			isa = XCBuildConfiguration;
			baseConfigurationReference = AA4DE4F4B1F28F3104128E09 /* Pods-parseChat.release.xcconfig */;
			buildSettings = {
				ASSETCATALOG_COMPILER_APPICON_NAME = AppIcon;
				CODE_SIGN_STYLE = Automatic;
				INFOPLIST_FILE = parseChat/Info.plist;
				LD_RUNPATH_SEARCH_PATHS = "$(inherited) @executable_path/Frameworks";
				PRODUCT_BUNDLE_IDENTIFIER = com.codepath.parseChat;
				PRODUCT_NAME = "$(TARGET_NAME)";
				SWIFT_VERSION = 4.0;
				TARGETED_DEVICE_FAMILY = "1,2";
			};
			name = Release;
		};
/* End XCBuildConfiguration section */

/* Begin XCConfigurationList section */
		EF52559F1FD2AF500048784C /* Build configuration list for PBXProject "parseChat" */ = {
			isa = XCConfigurationList;
			buildConfigurations = (
				EF5255B41FD2AF500048784C /* Debug */,
				EF5255B51FD2AF500048784C /* Release */,
			);
			defaultConfigurationIsVisible = 0;
			defaultConfigurationName = Release;
		};
		EF5255B61FD2AF500048784C /* Build configuration list for PBXNativeTarget "parseChat" */ = {
			isa = XCConfigurationList;
			buildConfigurations = (
				EF5255B71FD2AF500048784C /* Debug */,
				EF5255B81FD2AF500048784C /* Release */,
			);
			defaultConfigurationIsVisible = 0;
			defaultConfigurationName = Release;
		};
/* End XCConfigurationList section */
	};
	rootObject = EF52559C1FD2AF500048784C /* Project object */;
}
